
Microsoft Visual Studio Solution File, Format Version 12.00
# Visual Studio Version 16
VisualStudioVersion = 16.0.31515.178
MinimumVisualStudioVersion = 10.0.40219.1
Project("{FAE04EC0-301F-11D3-BF4B-00C04F79EFBC}") = "eShopSolution.WebApp", "eShopSolution.WebApp\eShopSolution.WebApp.csproj", "{F56B0B87-7FDC-408D-993C-30C3B565B7AB}"
EndProject
Project("{2150E333-8FDC-42A3-9474-1A3956D46DE8}") = "Solution Items", "Solution Items", "{A019A238-6931-4261-A39F-69AFE853F197}"
	ProjectSection(SolutionItems) = preProject
		README.md = README.md
	EndProjectSection
EndProject
Project("{FAE04EC0-301F-11D3-BF4B-00C04F79EFBC}") = "eShopSolution.Data", "eShopSolution.Data\eShopSolution.Data.csproj", "{C5D46102-DFCB-49B9-80A9-FEFDECB6F4BA}"
EndProject
Project("{FAE04EC0-301F-11D3-BF4B-00C04F79EFBC}") = "eShopSolution.Application", "eShopSolution.Application\eShopSolution.Application.csproj", "{5B268B6C-38E7-42FE-AA9F-CC5DCFA7B9FA}"
EndProject
Global
	GlobalSection(SolutionConfigurationPlatforms) = preSolution
		Debug|Any CPU = Debug|Any CPU
		Release|Any CPU = Release|Any CPU
	EndGlobalSection
	GlobalSection(ProjectConfigurationPlatforms) = postSolution
		{F56B0B87-7FDC-408D-993C-30C3B565B7AB}.Debug|Any CPU.ActiveCfg = Debug|Any CPU
		{F56B0B87-7FDC-408D-993C-30C3B565B7AB}.Debug|Any CPU.Build.0 = Debug|Any CPU
		{F56B0B87-7FDC-408D-993C-30C3B565B7AB}.Release|Any CPU.ActiveCfg = Release|Any CPU
		{F56B0B87-7FDC-408D-993C-30C3B565B7AB}.Release|Any CPU.Build.0 = Release|Any CPU
		{C5D46102-DFCB-49B9-80A9-FEFDECB6F4BA}.Debug|Any CPU.ActiveCfg = Debug|Any CPU
		{C5D46102-DFCB-49B9-80A9-FEFDECB6F4BA}.Debug|Any CPU.Build.0 = Debug|Any CPU
		{C5D46102-DFCB-49B9-80A9-FEFDECB6F4BA}.Release|Any CPU.ActiveCfg = Release|Any CPU
		{C5D46102-DFCB-49B9-80A9-FEFDECB6F4BA}.Release|Any CPU.Build.0 = Release|Any CPU
		{5B268B6C-38E7-42FE-AA9F-CC5DCFA7B9FA}.Debug|Any CPU.ActiveCfg = Debug|Any CPU
		{5B268B6C-38E7-42FE-AA9F-CC5DCFA7B9FA}.Debug|Any CPU.Build.0 = Debug|Any CPU
		{5B268B6C-38E7-42FE-AA9F-CC5DCFA7B9FA}.Release|Any CPU.ActiveCfg = Release|Any CPU
		{5B268B6C-38E7-42FE-AA9F-CC5DCFA7B9FA}.Release|Any CPU.Build.0 = Release|Any CPU
	EndGlobalSection
	GlobalSection(SolutionProperties) = preSolution
		HideSolutionNode = FALSE
	EndGlobalSection
	GlobalSection(ExtensibilityGlobals) = postSolution
		SolutionGuid = {455065C5-D265-4C5B-AE5B-CD04BBFAEF37}
	EndGlobalSection
EndGlobal
