
Microsoft Visual Studio Solution File, Format Version 12.00
# Visual Studio Version 16
VisualStudioVersion = 16.0.31515.178
MinimumVisualStudioVersion = 10.0.40219.1
Project("{FAE04EC0-301F-11D3-BF4B-00C04F79EFBC}") = "eShopSolution.WebApp", "eShopSolution.WebApp\eShopSolution.WebApp.csproj", "{F56B0B87-7FDC-408D-993C-30C3B565B7AB}"
EndProject
Global
	GlobalSection(SolutionConfigurationPlatforms) = preSolution
		Debug|Any CPU = Debug|Any CPU
		Release|Any CPU = Release|Any CPU
	EndGlobalSection
	GlobalSection(ProjectConfigurationPlatforms) = postSolution
		{F56B0B87-7FDC-408D-993C-30C3B565B7AB}.Debug|Any CPU.ActiveCfg = Debug|Any CPU
		{F56B0B87-7FDC-408D-993C-30C3B565B7AB}.Debug|Any CPU.Build.0 = Debug|Any CPU
		{F56B0B87-7FDC-408D-993C-30C3B565B7AB}.Release|Any CPU.ActiveCfg = Release|Any CPU
		{F56B0B87-7FDC-408D-993C-30C3B565B7AB}.Release|Any CPU.Build.0 = Release|Any CPU
	EndGlobalSection
	GlobalSection(SolutionProperties) = preSolution
		HideSolutionNode = FALSE
	EndGlobalSection
	GlobalSection(ExtensibilityGlobals) = postSolution
		SolutionGuid = {455065C5-D265-4C5B-AE5B-CD04BBFAEF37}
	EndGlobalSection
EndGlobal
